// !$*UTF8*$!
{
	archiveVersion = 1;
	classes = {
	};
	objectVersion = 46;
	objects = {

/* Begin PBXBuildFile section */
		C4E468931C7E079000DC7AEE /* AppDelegate.swift in Sources */ = {isa = PBXBuildFile; fileRef = C4E468921C7E079000DC7AEE /* AppDelegate.swift */; };
		C4E468951C7E079000DC7AEE /* ViewController.swift in Sources */ = {isa = PBXBuildFile; fileRef = C4E468941C7E079000DC7AEE /* ViewController.swift */; };
		C4E468981C7E079000DC7AEE /* Main.storyboard in Resources */ = {isa = PBXBuildFile; fileRef = C4E468961C7E079000DC7AEE /* Main.storyboard */; };
		C4E4689A1C7E079000DC7AEE /* Assets.xcassets in Resources */ = {isa = PBXBuildFile; fileRef = C4E468991C7E079000DC7AEE /* Assets.xcassets */; };
		C4E4689D1C7E079000DC7AEE /* LaunchScreen.storyboard in Resources */ = {isa = PBXBuildFile; fileRef = C4E4689B1C7E079000DC7AEE /* LaunchScreen.storyboard */; };
/* End PBXBuildFile section */

/* Begin PBXFileReference section */
		C4E4688F1C7E079000DC7AEE /* Project25.app */ = {isa = PBXFileReference; explicitFileType = wrapper.application; includeInIndex = 0; path = Project25.app; sourceTree = BUILT_PRODUCTS_DIR; };
		C4E468921C7E079000DC7AEE /* AppDelegate.swift */ = {isa = PBXFileReference; lastKnownFileType = sourcecode.swift; path = AppDelegate.swift; sourceTree = "<group>"; };
		C4E468941C7E079000DC7AEE /* ViewController.swift */ = {isa = PBXFileReference; lastKnownFileType = sourcecode.swift; path = ViewController.swift; sourceTree = "<group>"; };
		C4E468971C7E079000DC7AEE /* Base */ = {isa = PBXFileReference; lastKnownFileType = file.storyboard; name = Base; path = Base.lproj/Main.storyboard; sourceTree = "<group>"; };
		C4E468991C7E079000DC7AEE /* Assets.xcassets */ = {isa = PBXFileReference; lastKnownFileType = folder.assetcatalog; path = Assets.xcassets; sourceTree = "<group>"; };
		C4E4689C1C7E079000DC7AEE /* Base */ = {isa = PBXFileReference; lastKnownFileType = file.storyboard; name = Base; path = Base.lproj/LaunchScreen.storyboard; sourceTree = "<group>"; };
		C4E4689E1C7E079000DC7AEE /* Info.plist */ = {isa = PBXFileReference; lastKnownFileType = text.plist.xml; path = Info.plist; sourceTree = "<group>"; };
		C4E468A41C7E07B300DC7AEE /* README.md */ = {isa = PBXFileReference; lastKnownFileType = net.daringfireball.markdown; path = README.md; sourceTree = "<group>"; };
/* End PBXFileReference section */

/* Begin PBXFrameworksBuildPhase section */
		C4E4688C1C7E079000DC7AEE /* Frameworks */ = {
			isa = PBXFrameworksBuildPhase;
			buildActionMask = 2147483647;
			files = (
			);
			runOnlyForDeploymentPostprocessing = 0;
		};
/* End PBXFrameworksBuildPhase section */

/* Begin PBXGroup section */
		C4E468861C7E079000DC7AEE = {
			isa = PBXGroup;
			children = (
				C4E468A41C7E07B300DC7AEE /* README.md */,
				C4E468911C7E079000DC7AEE /* Project25 */,
				C4E468901C7E079000DC7AEE /* Products */,
			);
			sourceTree = "<group>";
		};
		C4E468901C7E079000DC7AEE /* Products */ = {
			isa = PBXGroup;
			children = (
				C4E4688F1C7E079000DC7AEE /* Project25.app */,
			);
			name = Products;
			sourceTree = "<group>";
		};
		C4E468911C7E079000DC7AEE /* Project25 */ = {
			isa = PBXGroup;
			children = (
				C4E468921C7E079000DC7AEE /* AppDelegate.swift */,
				C4E468941C7E079000DC7AEE /* ViewController.swift */,
				C4E468961C7E079000DC7AEE /* Main.storyboard */,
				C4E468991C7E079000DC7AEE /* Assets.xcassets */,
				C4E4689B1C7E079000DC7AEE /* LaunchScreen.storyboard */,
				C4E4689E1C7E079000DC7AEE /* Info.plist */,
			);
			path = Project25;
			sourceTree = "<group>";
		};
/* End PBXGroup section */

/* Begin PBXNativeTarget section */
		C4E4688E1C7E079000DC7AEE /* Project25 */ = {
			isa = PBXNativeTarget;
			buildConfigurationList = C4E468A11C7E079000DC7AEE /* Build configuration list for PBXNativeTarget "Project25" */;
			buildPhases = (
				C4E4688B1C7E079000DC7AEE /* Sources */,
				C4E4688C1C7E079000DC7AEE /* Frameworks */,
				C4E4688D1C7E079000DC7AEE /* Resources */,
			);
			buildRules = (
			);
			dependencies = (
			);
			name = Project25;
			productName = Project25;
			productReference = C4E4688F1C7E079000DC7AEE /* Project25.app */;
			productType = "com.apple.product-type.application";
		};
/* End PBXNativeTarget section */

/* Begin PBXProject section */
		C4E468871C7E079000DC7AEE /* Project object */ = {
			isa = PBXProject;
			attributes = {
				LastSwiftUpdateCheck = 0720;
				LastUpgradeCheck = 0720;
				ORGANIZATIONNAME = J4SOFT;
				TargetAttributes = {
					C4E4688E1C7E079000DC7AEE = {
						CreatedOnToolsVersion = 7.2.1;
					};
				};
			};
			buildConfigurationList = C4E4688A1C7E079000DC7AEE /* Build configuration list for PBXProject "Project25" */;
			compatibilityVersion = "Xcode 3.2";
			developmentRegion = English;
			hasScannedForEncodings = 0;
			knownRegions = (
				en,
				Base,
			);
			mainGroup = C4E468861C7E079000DC7AEE;
			productRefGroup = C4E468901C7E079000DC7AEE /* Products */;
			projectDirPath = "";
			projectRoot = "";
			targets = (
				C4E4688E1C7E079000DC7AEE /* Project25 */,
			);
		};
/* End PBXProject section */

/* Begin PBXResourcesBuildPhase section */
		C4E4688D1C7E079000DC7AEE /* Resources */ = {
			isa = PBXResourcesBuildPhase;
			buildActionMask = 2147483647;
			files = (
				C4E4689D1C7E079000DC7AEE /* LaunchScreen.storyboard in Resources */,
				C4E4689A1C7E079000DC7AEE /* Assets.xcassets in Resources */,
				C4E468981C7E079000DC7AEE /* Main.storyboard in Resources */,
			);
			runOnlyForDeploymentPostprocessing = 0;
		};
/* End PBXResourcesBuildPhase section */

/* Begin PBXSourcesBuildPhase section */
		C4E4688B1C7E079000DC7AEE /* Sources */ = {
			isa = PBXSourcesBuildPhase;
			buildActionMask = 2147483647;
			files = (
				C4E468951C7E079000DC7AEE /* ViewController.swift in Sources */,
				C4E468931C7E079000DC7AEE /* AppDelegate.swift in Sources */,
			);
			runOnlyForDeploymentPostprocessing = 0;
		};
/* End PBXSourcesBuildPhase section */

/* Begin PBXVariantGroup section */
		C4E468961C7E079000DC7AEE /* Main.storyboard */ = {
			isa = PBXVariantGroup;
			children = (
				C4E468971C7E079000DC7AEE /* Base */,
			);
			name = Main.storyboard;
			sourceTree = "<group>";
		};
		C4E4689B1C7E079000DC7AEE /* LaunchScreen.storyboard */ = {
			isa = PBXVariantGroup;
			children = (
				C4E4689C1C7E079000DC7AEE /* Base */,
			);
			name = LaunchScreen.storyboard;
			sourceTree = "<group>";
		};
/* End PBXVariantGroup section */

/* Begin XCBuildConfiguration section */
		C4E4689F1C7E079000DC7AEE /* Debug */ = {
			isa = XCBuildConfiguration;
			buildSettings = {
				ALWAYS_SEARCH_USER_PATHS = NO;
				CLANG_CXX_LANGUAGE_STANDARD = "gnu++0x";
				CLANG_CXX_LIBRARY = "libc++";
				CLANG_ENABLE_MODULES = YES;
				CLANG_ENABLE_OBJC_ARC = YES;
				CLANG_WARN_BOOL_CONVERSION = YES;
				CLANG_WARN_CONSTANT_CONVERSION = YES;
				CLANG_WARN_DIRECT_OBJC_ISA_USAGE = YES_ERROR;
				CLANG_WARN_EMPTY_BODY = YES;
				CLANG_WARN_ENUM_CONVERSION = YES;
				CLANG_WARN_INT_CONVERSION = YES;
				CLANG_WARN_OBJC_ROOT_CLASS = YES_ERROR;
				CLANG_WARN_UNREACHABLE_CODE = YES;
				CLANG_WARN__DUPLICATE_METHOD_MATCH = YES;
				"CODE_SIGN_IDENTITY[sdk=iphoneos*]" = "iPhone Developer";
				COPY_PHASE_STRIP = NO;
				DEBUG_INFORMATION_FORMAT = dwarf;
				ENABLE_STRICT_OBJC_MSGSEND = YES;
				ENABLE_TESTABILITY = YES;
				GCC_C_LANGUAGE_STANDARD = gnu99;
				GCC_DYNAMIC_NO_PIC = NO;
				GCC_NO_COMMON_BLOCKS = YES;
				GCC_OPTIMIZATION_LEVEL = 0;
				GCC_PREPROCESSOR_DEFINITIONS = (
					"DEBUG=1",
					"$(inherited)",
				);
				GCC_WARN_64_TO_32_BIT_CONVERSION = YES;
				GCC_WARN_ABOUT_RETURN_TYPE = YES_ERROR;
				GCC_WARN_UNDECLARED_SELECTOR = YES;
				GCC_WARN_UNINITIALIZED_AUTOS = YES_AGGRESSIVE;
				GCC_WARN_UNUSED_FUNCTION = YES;
				GCC_WARN_UNUSED_VARIABLE = YES;
				IPHONEOS_DEPLOYMENT_TARGET = 9.2;
				MTL_ENABLE_DEBUG_INFO = YES;
				ONLY_ACTIVE_ARCH = YES;
				SDKROOT = iphoneos;
				SWIFT_OPTIMIZATION_LEVEL = "-Onone";
			};
			name = Debug;
		};
		C4E468A01C7E079000DC7AEE /* Release */ = {
			isa = XCBuildConfiguration;
			buildSettings = {
				ALWAYS_SEARCH_USER_PATHS = NO;
				CLANG_CXX_LANGUAGE_STANDARD = "gnu++0x";
				CLANG_CXX_LIBRARY = "libc++";
				CLANG_ENABLE_MODULES = YES;
				CLANG_ENABLE_OBJC_ARC = YES;
				CLANG_WARN_BOOL_CONVERSION = YES;
				CLANG_WARN_CONSTANT_CONVERSION = YES;
				CLANG_WARN_DIRECT_OBJC_ISA_USAGE = YES_ERROR;
				CLANG_WARN_EMPTY_BODY = YES;
				CLANG_WARN_ENUM_CONVERSION = YES;
				CLANG_WARN_INT_CONVERSION = YES;
				CLANG_WARN_OBJC_ROOT_CLASS = YES_ERROR;
				CLANG_WARN_UNREACHABLE_CODE = YES;
				CLANG_WARN__DUPLICATE_METHOD_MATCH = YES;
				"CODE_SIGN_IDENTITY[sdk=iphoneos*]" = "iPhone Developer";
				COPY_PHASE_STRIP = NO;
				DEBUG_INFORMATION_FORMAT = "dwarf-with-dsym";
				ENABLE_NS_ASSERTIONS = NO;
				ENABLE_STRICT_OBJC_MSGSEND = YES;
				GCC_C_LANGUAGE_STANDARD = gnu99;
				GCC_NO_COMMON_BLOCKS = YES;
				GCC_WARN_64_TO_32_BIT_CONVERSION = YES;
				GCC_WARN_ABOUT_RETURN_TYPE = YES_ERROR;
				GCC_WARN_UNDECLARED_SELECTOR = YES;
				GCC_WARN_UNINITIALIZED_AUTOS = YES_AGGRESSIVE;
				GCC_WARN_UNUSED_FUNCTION = YES;
				GCC_WARN_UNUSED_VARIABLE = YES;
				IPHONEOS_DEPLOYMENT_TARGET = 9.2;
				MTL_ENABLE_DEBUG_INFO = NO;
				SDKROOT = iphoneos;
				VALIDATE_PRODUCT = YES;
			};
			name = Release;
		};
		C4E468A21C7E079000DC7AEE /* Debug */ = {
			isa = XCBuildConfiguration;
			buildSettings = {
				ASSETCATALOG_COMPILER_APPICON_NAME = AppIcon;
				INFOPLIST_FILE = Project25/Info.plist;
				LD_RUNPATH_SEARCH_PATHS = "$(inherited) @executable_path/Frameworks";
				PRODUCT_BUNDLE_IDENTIFIER = J4SOFT.Project25;
				PRODUCT_NAME = "$(TARGET_NAME)";
			};
			name = Debug;
		};
		C4E468A31C7E079000DC7AEE /* Release */ = {
			isa = XCBuildConfiguration;
			buildSettings = {
				ASSETCATALOG_COMPILER_APPICON_NAME = AppIcon;
				INFOPLIST_FILE = Project25/Info.plist;
				LD_RUNPATH_SEARCH_PATHS = "$(inherited) @executable_path/Frameworks";
				PRODUCT_BUNDLE_IDENTIFIER = J4SOFT.Project25;
				PRODUCT_NAME = "$(TARGET_NAME)";
			};
			name = Release;
		};
/* End XCBuildConfiguration section */

/* Begin XCConfigurationList section */
		C4E4688A1C7E079000DC7AEE /* Build configuration list for PBXProject "Project25" */ = {
			isa = XCConfigurationList;
			buildConfigurations = (
				C4E4689F1C7E079000DC7AEE /* Debug */,
				C4E468A01C7E079000DC7AEE /* Release */,
			);
			defaultConfigurationIsVisible = 0;
			defaultConfigurationName = Release;
		};
		C4E468A11C7E079000DC7AEE /* Build configuration list for PBXNativeTarget "Project25" */ = {
			isa = XCConfigurationList;
			buildConfigurations = (
				C4E468A21C7E079000DC7AEE /* Debug */,
				C4E468A31C7E079000DC7AEE /* Release */,
			);
			defaultConfigurationIsVisible = 0;
		};
/* End XCConfigurationList section */
	};
	rootObject = C4E468871C7E079000DC7AEE /* Project object */;
}
